# This file is automatically @generated by Cargo.
# It is not intended for manual editing.
version = 3

[[package]]
name = "lab1"
version = "0.1.0"
dependencies = [
 "lib1",
]

[[package]]
name = "lab2"
version = "0.1.0"

[[package]]
name = "lab3"
version = "0.1.0"

[[package]]
name = "lab4"
version = "0.1.0"

[[package]]
name = "lib1"
version = "0.1.0"

[[package]]
name = "lib2"
version = "0.1.0"
